Microsoft Visual Studio Solution File, Format Version 10.00
# Visual Studio 2008
Project("{8BC9CEB8-8B4A-11D0-8D11-00A0C91BC942}") = "libiconv_static", "libiconv_static\libiconv_static.vcproj", "{F9C13A95-C7EB-40F3-A599-3695C1E0CF38}"
EndProject
Project("{8BC9CEB8-8B4A-11D0-8D11-00A0C91BC942}") = "libiconv_dll", "libiconv_dll\libiconv_dll.vcproj", "{7EA4EC62-EA19-4ACC-86E2-0513E381292B}"
EndProject
Global
	GlobalSection(SolutionConfigurationPlatforms) = preSolution
		Debug|Win32 = Debug|Win32
		Debug|x64 = Debug|x64
		Release|Win32 = Release|Win32
		Release|x64 = Release|x64
	EndGlobalSection
	GlobalSection(ProjectConfigurationPlatforms) = postSolution
		{F9C13A95-C7EB-40F3-A599-3695C1E0CF38}.Debug|Win32.ActiveCfg = Debug|Win32
		{F9C13A95-C7EB-40F3-A599-3695C1E0CF38}.Debug|Win32.Build.0 = Debug|Win32
		{F9C13A95-C7EB-40F3-A599-3695C1E0CF38}.Debug|x64.ActiveCfg = Debug|x64
		{F9C13A95-C7EB-40F3-A599-3695C1E0CF38}.Debug|x64.Build.0 = Debug|x64
		{F9C13A95-C7EB-40F3-A599-3695C1E0CF38}.Release|Win32.ActiveCfg = Release|Win32
		{F9C13A95-C7EB-40F3-A599-3695C1E0CF38}.Release|Win32.Build.0 = Release|Win32
		{F9C13A95-C7EB-40F3-A599-3695C1E0CF38}.Release|x64.ActiveCfg = Release|x64
		{F9C13A95-C7EB-40F3-A599-3695C1E0CF38}.Release|x64.Build.0 = Release|x64
		{7EA4EC62-EA19-4ACC-86E2-0513E381292B}.Debug|Win32.ActiveCfg = Debug|Win32
		{7EA4EC62-EA19-4ACC-86E2-0513E381292B}.Debug|Win32.Build.0 = Debug|Win32
		{7EA4EC62-EA19-4ACC-86E2-0513E381292B}.Debug|x64.ActiveCfg = Debug|x64
		{7EA4EC62-EA19-4ACC-86E2-0513E381292B}.Debug|x64.Build.0 = Debug|x64
		{7EA4EC62-EA19-4ACC-86E2-0513E381292B}.Release|Win32.ActiveCfg = Release|Win32
		{7EA4EC62-EA19-4ACC-86E2-0513E381292B}.Release|Win32.Build.0 = Release|Win32
		{7EA4EC62-EA19-4ACC-86E2-0513E381292B}.Release|x64.ActiveCfg = Release|x64
		{7EA4EC62-EA19-4ACC-86E2-0513E381292B}.Release|x64.Build.0 = Release|x64
	EndGlobalSection
	GlobalSection(SolutionProperties) = preSolution
		HideSolutionNode = FALSE
	EndGlobalSection
EndGlobal
