
Microsoft Visual Studio Solution File, Format Version 10.00
# Visual Studio 2008
Project("{8BC9CEB8-8B4A-11D0-8D11-00A0C91BC942}") = "libiconv", "libiconv\libiconv.vcproj", "{2A2433C2-FBB0-45B4-A47E-00968D7DC354}"
EndProject
Global
	GlobalSection(SolutionConfigurationPlatforms) = preSolution
		Debug|Win32 = Debug|Win32
		Release|Win32 = Release|Win32
	EndGlobalSection
	GlobalSection(ProjectConfigurationPlatforms) = postSolution
		{2A2433C2-FBB0-45B4-A47E-00968D7DC354}.Debug|Win32.ActiveCfg = Release|Win32
		{2A2433C2-FBB0-45B4-A47E-00968D7DC354}.Debug|Win32.Build.0 = Release|Win32
		{2A2433C2-FBB0-45B4-A47E-00968D7DC354}.Release|Win32.ActiveCfg = Release|Win32
		{2A2433C2-FBB0-45B4-A47E-00968D7DC354}.Release|Win32.Build.0 = Release|Win32
	EndGlobalSection
	GlobalSection(SolutionProperties) = preSolution
		HideSolutionNode = FALSE
	EndGlobalSection
EndGlobal
