Microsoft Visual Studio Solution File, Format Version 12.00
# Visual Studio 14
VisualStudioVersion = 14.0.23107.0
MinimumVisualStudioVersion = 10.0.40219.1
Project("{8BC9CEB8-8B4A-11D0-8D11-00A0C91BC942}") = "libiconv", "libiconv.vcxproj", "{7EA4EC62-EA19-4ACC-86E2-0513E381292B}"
EndProject
Global
	GlobalSection(SolutionConfigurationPlatforms) = preSolution
		Debug_DLL|x64 = Debug_DLL|x64
		Debug_DLL|x86 = Debug_DLL|x86
		Debug_Static|x64 = Debug_Static|x64
		Debug_Static|x86 = Debug_Static|x86
		Release_DLL|x64 = Release_DLL|x64
		Release_DLL|x86 = Release_DLL|x86
		Release_Static|x64 = Release_Static|x64
		Release_Static|x86 = Release_Static|x86
	EndGlobalSection
	GlobalSection(ProjectConfigurationPlatforms) = postSolution
		{7EA4EC62-EA19-4ACC-86E2-0513E381292B}.Debug_DLL|x64.ActiveCfg = Debug_DLL|x64
		{7EA4EC62-EA19-4ACC-86E2-0513E381292B}.Debug_DLL|x64.Build.0 = Debug_DLL|x64
		{7EA4EC62-EA19-4ACC-86E2-0513E381292B}.Debug_DLL|x86.ActiveCfg = Debug_DLL|Win32
		{7EA4EC62-EA19-4ACC-86E2-0513E381292B}.Debug_DLL|x86.Build.0 = Debug_DLL|Win32
		{7EA4EC62-EA19-4ACC-86E2-0513E381292B}.Debug_Static|x64.ActiveCfg = Debug_Static|x64
		{7EA4EC62-EA19-4ACC-86E2-0513E381292B}.Debug_Static|x64.Build.0 = Debug_Static|x64
		{7EA4EC62-EA19-4ACC-86E2-0513E381292B}.Debug_Static|x86.ActiveCfg = Debug_Static|Win32
		{7EA4EC62-EA19-4ACC-86E2-0513E381292B}.Debug_Static|x86.Build.0 = Debug_Static|Win32
		{7EA4EC62-EA19-4ACC-86E2-0513E381292B}.Release_DLL|x64.ActiveCfg = Release_DLL|x64
		{7EA4EC62-EA19-4ACC-86E2-0513E381292B}.Release_DLL|x64.Build.0 = Release_DLL|x64
		{7EA4EC62-EA19-4ACC-86E2-0513E381292B}.Release_DLL|x86.ActiveCfg = Release_DLL|Win32
		{7EA4EC62-EA19-4ACC-86E2-0513E381292B}.Release_DLL|x86.Build.0 = Release_DLL|Win32
		{7EA4EC62-EA19-4ACC-86E2-0513E381292B}.Release_Static|x64.ActiveCfg = Release_Static|x64
		{7EA4EC62-EA19-4ACC-86E2-0513E381292B}.Release_Static|x64.Build.0 = Release_Static|x64
		{7EA4EC62-EA19-4ACC-86E2-0513E381292B}.Release_Static|x86.ActiveCfg = Release_Static|Win32
		{7EA4EC62-EA19-4ACC-86E2-0513E381292B}.Release_Static|x86.Build.0 = Release_Static|Win32
	EndGlobalSection
	GlobalSection(SolutionProperties) = preSolution
		HideSolutionNode = FALSE
	EndGlobalSection
EndGlobal
